
Microsoft Visual Studio Solution File, Format Version 12.00
# Visual Studio Version 17
VisualStudioVersion = 17.0.31903.59
MinimumVisualStudioVersion = 10.0.40219.1
Project("{2150E333-8FDC-42A3-9474-1A3956D46DE8}") = "src", "src", "{50B60F68-702B-41A0-B56C-9893453D6EB7}"
EndProject
Project("{FAE04EC0-301F-11D3-BF4B-00C04F79EFBC}") = "IdentityServer", "src\IdentityServer\IdentityServer.csproj", "{F99338C9-E15E-43D3-BCCD-0DAB6AB86F78}"
EndProject
Global
	GlobalSection(SolutionConfigurationPlatforms) = preSolution
		Debug|Any CPU = Debug|Any CPU
		Release|Any CPU = Release|Any CPU
	EndGlobalSection
	GlobalSection(SolutionProperties) = preSolution
		HideSolutionNode = FALSE
	EndGlobalSection
	GlobalSection(ProjectConfigurationPlatforms) = postSolution
		{F99338C9-E15E-43D3-BCCD-0DAB6AB86F78}.Debug|Any CPU.ActiveCfg = Debug|Any CPU
		{F99338C9-E15E-43D3-BCCD-0DAB6AB86F78}.Debug|Any CPU.Build.0 = Debug|Any CPU
		{F99338C9-E15E-43D3-BCCD-0DAB6AB86F78}.Release|Any CPU.ActiveCfg = Release|Any CPU
		{F99338C9-E15E-43D3-BCCD-0DAB6AB86F78}.Release|Any CPU.Build.0 = Release|Any CPU
	EndGlobalSection
	GlobalSection(NestedProjects) = preSolution
		{F99338C9-E15E-43D3-BCCD-0DAB6AB86F78} = {50B60F68-702B-41A0-B56C-9893453D6EB7}
	EndGlobalSection
EndGlobal
