
Microsoft Visual Studio Solution File, Format Version 12.00
# Visual Studio Version 17
VisualStudioVersion = 17.0.31903.59
MinimumVisualStudioVersion = 10.0.40219.1
Project("{2150E333-8FDC-42A3-9474-1A3956D46DE8}") = "src", "src", "{50B60F68-702B-41A0-B56C-9893453D6EB7}"
EndProject
Project("{9A19103F-16F7-4668-BE54-9A1E7A4F7556}") = "IdentityServer", "src\IdentityServer\IdentityServer.csproj", "{F99338C9-E15E-43D3-BCCD-0DAB6AB86F78}"
EndProject
Project("{FAE04EC0-301F-11D3-BF4B-00C04F79EFBC}") = "Api", "src\Api\Api.csproj", "{02B8A9B3-1F92-4DD0-9506-9C2A0D5557F0}"
EndProject
Project("{FAE04EC0-301F-11D3-BF4B-00C04F79EFBC}") = "Client", "src\Client\Client.csproj", "{CAC726E1-9DCC-43A5-8C3F-9BDE42E86E2C}"
EndProject
Project("{FAE04EC0-301F-11D3-BF4B-00C04F79EFBC}") = "MvcClient", "src\MvcClient\MvcClient.csproj", "{A75E8C58-E86E-4531-A43D-F61102BCF665}"
EndProject
Project("{FAE04EC0-301F-11D3-BF4B-00C04F79EFBC}") = "JavaScriptClient", "src\JavaScriptClient\JavaScriptClient.csproj", "{0512965A-FC98-4DB9-B313-BB24D0DF9030}"
EndProject
Global
	GlobalSection(SolutionConfigurationPlatforms) = preSolution
		Debug|Any CPU = Debug|Any CPU
		Release|Any CPU = Release|Any CPU
	EndGlobalSection
	GlobalSection(ProjectConfigurationPlatforms) = postSolution
		{F99338C9-E15E-43D3-BCCD-0DAB6AB86F78}.Debug|Any CPU.ActiveCfg = Debug|Any CPU
		{F99338C9-E15E-43D3-BCCD-0DAB6AB86F78}.Debug|Any CPU.Build.0 = Debug|Any CPU
		{F99338C9-E15E-43D3-BCCD-0DAB6AB86F78}.Release|Any CPU.ActiveCfg = Release|Any CPU
		{F99338C9-E15E-43D3-BCCD-0DAB6AB86F78}.Release|Any CPU.Build.0 = Release|Any CPU
		{02B8A9B3-1F92-4DD0-9506-9C2A0D5557F0}.Debug|Any CPU.ActiveCfg = Debug|Any CPU
		{02B8A9B3-1F92-4DD0-9506-9C2A0D5557F0}.Debug|Any CPU.Build.0 = Debug|Any CPU
		{02B8A9B3-1F92-4DD0-9506-9C2A0D5557F0}.Release|Any CPU.ActiveCfg = Release|Any CPU
		{02B8A9B3-1F92-4DD0-9506-9C2A0D5557F0}.Release|Any CPU.Build.0 = Release|Any CPU
		{CAC726E1-9DCC-43A5-8C3F-9BDE42E86E2C}.Debug|Any CPU.ActiveCfg = Debug|Any CPU
		{CAC726E1-9DCC-43A5-8C3F-9BDE42E86E2C}.Debug|Any CPU.Build.0 = Debug|Any CPU
		{CAC726E1-9DCC-43A5-8C3F-9BDE42E86E2C}.Release|Any CPU.ActiveCfg = Release|Any CPU
		{CAC726E1-9DCC-43A5-8C3F-9BDE42E86E2C}.Release|Any CPU.Build.0 = Release|Any CPU
		{A75E8C58-E86E-4531-A43D-F61102BCF665}.Debug|Any CPU.ActiveCfg = Debug|Any CPU
		{A75E8C58-E86E-4531-A43D-F61102BCF665}.Debug|Any CPU.Build.0 = Debug|Any CPU
		{A75E8C58-E86E-4531-A43D-F61102BCF665}.Release|Any CPU.ActiveCfg = Release|Any CPU
		{A75E8C58-E86E-4531-A43D-F61102BCF665}.Release|Any CPU.Build.0 = Release|Any CPU
		{0512965A-FC98-4DB9-B313-BB24D0DF9030}.Debug|Any CPU.ActiveCfg = Debug|Any CPU
		{0512965A-FC98-4DB9-B313-BB24D0DF9030}.Debug|Any CPU.Build.0 = Debug|Any CPU
		{0512965A-FC98-4DB9-B313-BB24D0DF9030}.Release|Any CPU.ActiveCfg = Release|Any CPU
		{0512965A-FC98-4DB9-B313-BB24D0DF9030}.Release|Any CPU.Build.0 = Release|Any CPU
	EndGlobalSection
	GlobalSection(SolutionProperties) = preSolution
		HideSolutionNode = FALSE
	EndGlobalSection
	GlobalSection(NestedProjects) = preSolution
		{F99338C9-E15E-43D3-BCCD-0DAB6AB86F78} = {50B60F68-702B-41A0-B56C-9893453D6EB7}
		{02B8A9B3-1F92-4DD0-9506-9C2A0D5557F0} = {50B60F68-702B-41A0-B56C-9893453D6EB7}
		{CAC726E1-9DCC-43A5-8C3F-9BDE42E86E2C} = {50B60F68-702B-41A0-B56C-9893453D6EB7}
		{A75E8C58-E86E-4531-A43D-F61102BCF665} = {50B60F68-702B-41A0-B56C-9893453D6EB7}
		{0512965A-FC98-4DB9-B313-BB24D0DF9030} = {50B60F68-702B-41A0-B56C-9893453D6EB7}
	EndGlobalSection
	GlobalSection(ExtensibilityGlobals) = postSolution
		SolutionGuid = {B750F93C-0881-42C8-BE37-4A8D8047450E}
	EndGlobalSection
EndGlobal
