
Microsoft Visual Studio Solution File, Format Version 12.00
# Visual Studio Version 17
VisualStudioVersion = 17.0.31903.59
MinimumVisualStudioVersion = 10.0.40219.1
Project("{2150E333-8FDC-42A3-9474-1A3956D46DE8}") = "src", "src", "{DFC8DFE4-40EA-407D-96D5-89BC80640FF9}"
EndProject
Project("{FAE04EC0-301F-11D3-BF4B-00C04F79EFBC}") = "IdentityServer", "src\IdentityServer\IdentityServer.csproj", "{9A90CEC2-E8C7-467D-AE1D-357435D1335B}"
EndProject
Project("{FAE04EC0-301F-11D3-BF4B-00C04F79EFBC}") = "Api", "src\Api\Api.csproj", "{A533E89E-5BDE-4341-B324-4C3F0F5CC38B}"
EndProject
Project("{FAE04EC0-301F-11D3-BF4B-00C04F79EFBC}") = "Client", "src\Client\Client.csproj", "{388FDD57-6E2F-4BA7-B3C9-FA99B955EF91}"
EndProject
Project("{FAE04EC0-301F-11D3-BF4B-00C04F79EFBC}") = "MvcClient", "src\MvcClient\MvcClient.csproj", "{6E002BD5-C545-43F4-B292-897F1A562B2E}"
EndProject
Project("{FAE04EC0-301F-11D3-BF4B-00C04F79EFBC}") = "JavaScriptClient", "src\JavaScriptClient\JavaScriptClient.csproj", "{065388FE-4984-464B-8333-1582AA8F0B29}"
EndProject
Global
	GlobalSection(SolutionConfigurationPlatforms) = preSolution
		Debug|Any CPU = Debug|Any CPU
		Release|Any CPU = Release|Any CPU
	EndGlobalSection
	GlobalSection(SolutionProperties) = preSolution
		HideSolutionNode = FALSE
	EndGlobalSection
	GlobalSection(ProjectConfigurationPlatforms) = postSolution
		{9A90CEC2-E8C7-467D-AE1D-357435D1335B}.Debug|Any CPU.ActiveCfg = Debug|Any CPU
		{9A90CEC2-E8C7-467D-AE1D-357435D1335B}.Debug|Any CPU.Build.0 = Debug|Any CPU
		{9A90CEC2-E8C7-467D-AE1D-357435D1335B}.Release|Any CPU.ActiveCfg = Release|Any CPU
		{9A90CEC2-E8C7-467D-AE1D-357435D1335B}.Release|Any CPU.Build.0 = Release|Any CPU
		{A533E89E-5BDE-4341-B324-4C3F0F5CC38B}.Debug|Any CPU.ActiveCfg = Debug|Any CPU
		{A533E89E-5BDE-4341-B324-4C3F0F5CC38B}.Debug|Any CPU.Build.0 = Debug|Any CPU
		{A533E89E-5BDE-4341-B324-4C3F0F5CC38B}.Release|Any CPU.ActiveCfg = Release|Any CPU
		{A533E89E-5BDE-4341-B324-4C3F0F5CC38B}.Release|Any CPU.Build.0 = Release|Any CPU
		{388FDD57-6E2F-4BA7-B3C9-FA99B955EF91}.Debug|Any CPU.ActiveCfg = Debug|Any CPU
		{388FDD57-6E2F-4BA7-B3C9-FA99B955EF91}.Debug|Any CPU.Build.0 = Debug|Any CPU
		{388FDD57-6E2F-4BA7-B3C9-FA99B955EF91}.Release|Any CPU.ActiveCfg = Release|Any CPU
		{388FDD57-6E2F-4BA7-B3C9-FA99B955EF91}.Release|Any CPU.Build.0 = Release|Any CPU
		{6E002BD5-C545-43F4-B292-897F1A562B2E}.Debug|Any CPU.ActiveCfg = Debug|Any CPU
		{6E002BD5-C545-43F4-B292-897F1A562B2E}.Debug|Any CPU.Build.0 = Debug|Any CPU
		{6E002BD5-C545-43F4-B292-897F1A562B2E}.Release|Any CPU.ActiveCfg = Release|Any CPU
		{6E002BD5-C545-43F4-B292-897F1A562B2E}.Release|Any CPU.Build.0 = Release|Any CPU
		{065388FE-4984-464B-8333-1582AA8F0B29}.Debug|Any CPU.ActiveCfg = Debug|Any CPU
		{065388FE-4984-464B-8333-1582AA8F0B29}.Debug|Any CPU.Build.0 = Debug|Any CPU
		{065388FE-4984-464B-8333-1582AA8F0B29}.Release|Any CPU.ActiveCfg = Release|Any CPU
		{065388FE-4984-464B-8333-1582AA8F0B29}.Release|Any CPU.Build.0 = Release|Any CPU
	EndGlobalSection
	GlobalSection(NestedProjects) = preSolution
		{9A90CEC2-E8C7-467D-AE1D-357435D1335B} = {DFC8DFE4-40EA-407D-96D5-89BC80640FF9}
		{A533E89E-5BDE-4341-B324-4C3F0F5CC38B} = {DFC8DFE4-40EA-407D-96D5-89BC80640FF9}
		{388FDD57-6E2F-4BA7-B3C9-FA99B955EF91} = {DFC8DFE4-40EA-407D-96D5-89BC80640FF9}
		{6E002BD5-C545-43F4-B292-897F1A562B2E} = {DFC8DFE4-40EA-407D-96D5-89BC80640FF9}
		{065388FE-4984-464B-8333-1582AA8F0B29} = {DFC8DFE4-40EA-407D-96D5-89BC80640FF9}
	EndGlobalSection
EndGlobal
